
Microsoft Visual Studio Solution File, Format Version 12.00
# Visual Studio Version 17
VisualStudioVersion = 17.10.35027.167
MinimumVisualStudioVersion = 10.0.40219.1
Project("{FAE04EC0-301F-11D3-BF4B-00C04F79EFBC}") = "IQueryable", "IQueryable\IQueryable.csproj", "{05A75D06-3C7B-40C0-876C-FEB5FF31105B}"
EndProject
Global
	GlobalSection(SolutionConfigurationPlatforms) = preSolution
		Debug|Any CPU = Debug|Any CPU
		Release|Any CPU = Release|Any CPU
	EndGlobalSection
	GlobalSection(ProjectConfigurationPlatforms) = postSolution
		{05A75D06-3C7B-40C0-876C-FEB5FF31105B}.Debug|Any CPU.ActiveCfg = Debug|Any CPU
		{05A75D06-3C7B-40C0-876C-FEB5FF31105B}.Debug|Any CPU.Build.0 = Debug|Any CPU
		{05A75D06-3C7B-40C0-876C-FEB5FF31105B}.Release|Any CPU.ActiveCfg = Release|Any CPU
		{05A75D06-3C7B-40C0-876C-FEB5FF31105B}.Release|Any CPU.Build.0 = Release|Any CPU
	EndGlobalSection
	GlobalSection(SolutionProperties) = preSolution
		HideSolutionNode = FALSE
	EndGlobalSection
	GlobalSection(ExtensibilityGlobals) = postSolution
		SolutionGuid = {1C5FCD9C-6F7A-4E3E-825F-5EF7DC18BC17}
	EndGlobalSection
EndGlobal
