
Microsoft Visual Studio Solution File, Format Version 12.00
# Visual Studio Version 17
VisualStudioVersion = 17.10.35027.167
MinimumVisualStudioVersion = 10.0.40219.1
Project("{FAE04EC0-301F-11D3-BF4B-00C04F79EFBC}") = "IQueryable", "IQueryable\IQueryable.csproj", "{C2EB9E0F-1AA6-44A9-9EF1-64495A6BB424}"
EndProject
Global
	GlobalSection(SolutionConfigurationPlatforms) = preSolution
		Debug|Any CPU = Debug|Any CPU
		Release|Any CPU = Release|Any CPU
	EndGlobalSection
	GlobalSection(ProjectConfigurationPlatforms) = postSolution
		{C2EB9E0F-1AA6-44A9-9EF1-64495A6BB424}.Debug|Any CPU.ActiveCfg = Debug|Any CPU
		{C2EB9E0F-1AA6-44A9-9EF1-64495A6BB424}.Debug|Any CPU.Build.0 = Debug|Any CPU
		{C2EB9E0F-1AA6-44A9-9EF1-64495A6BB424}.Release|Any CPU.ActiveCfg = Release|Any CPU
		{C2EB9E0F-1AA6-44A9-9EF1-64495A6BB424}.Release|Any CPU.Build.0 = Release|Any CPU
	EndGlobalSection
	GlobalSection(SolutionProperties) = preSolution
		HideSolutionNode = FALSE
	EndGlobalSection
	GlobalSection(ExtensibilityGlobals) = postSolution
		SolutionGuid = {8E14A1D4-727D-4637-892C-B5B359966FFF}
	EndGlobalSection
EndGlobal
